
Microsoft Visual Studio Solution File, Format Version 12.00
# Visual Studio Version 17
VisualStudioVersion = 17.7.34031.279
MinimumVisualStudioVersion = 10.0.40219.1
Project("{8BC9CEB8-8B4A-11D0-8D11-00A0C91BC942}") = "[2020010502][김민규][Report#2][문제 (6)]", "[2020010502][김민규][Report#2][문제 (6)].vcxproj", "{5C1EB7AD-34D3-487B-87D8-12CA38B140F4}"
EndProject
Global
	GlobalSection(SolutionConfigurationPlatforms) = preSolution
		Debug|x64 = Debug|x64
		Debug|x86 = Debug|x86
		Release|x64 = Release|x64
		Release|x86 = Release|x86
	EndGlobalSection
	GlobalSection(ProjectConfigurationPlatforms) = postSolution
		{5C1EB7AD-34D3-487B-87D8-12CA38B140F4}.Debug|x64.ActiveCfg = Debug|x64
		{5C1EB7AD-34D3-487B-87D8-12CA38B140F4}.Debug|x64.Build.0 = Debug|x64
		{5C1EB7AD-34D3-487B-87D8-12CA38B140F4}.Debug|x86.ActiveCfg = Debug|Win32
		{5C1EB7AD-34D3-487B-87D8-12CA38B140F4}.Debug|x86.Build.0 = Debug|Win32
		{5C1EB7AD-34D3-487B-87D8-12CA38B140F4}.Release|x64.ActiveCfg = Release|x64
		{5C1EB7AD-34D3-487B-87D8-12CA38B140F4}.Release|x64.Build.0 = Release|x64
		{5C1EB7AD-34D3-487B-87D8-12CA38B140F4}.Release|x86.ActiveCfg = Release|Win32
		{5C1EB7AD-34D3-487B-87D8-12CA38B140F4}.Release|x86.Build.0 = Release|Win32
	EndGlobalSection
	GlobalSection(SolutionProperties) = preSolution
		HideSolutionNode = FALSE
	EndGlobalSection
	GlobalSection(ExtensibilityGlobals) = postSolution
		SolutionGuid = {8CDC3373-B00F-4BF6-A248-106FD8E16C6C}
	EndGlobalSection
EndGlobal
