
Microsoft Visual Studio Solution File, Format Version 12.00
# Visual Studio Version 17
VisualStudioVersion = 17.3.32811.315
MinimumVisualStudioVersion = 10.0.40219.1
Project("{8BC9CEB8-8B4A-11D0-8D11-00A0C91BC942}") = "[2020010502][김민규][13주차][주교재, pp.502, 도전실전예제]", "[2020010502][김민규][13주차][주교재, pp.502, 도전실전예제].vcxproj", "{3B45C8B2-DA31-4340-932F-1B7B6406619C}"
EndProject
Global
	GlobalSection(SolutionConfigurationPlatforms) = preSolution
		Debug|x64 = Debug|x64
		Debug|x86 = Debug|x86
		Release|x64 = Release|x64
		Release|x86 = Release|x86
	EndGlobalSection
	GlobalSection(ProjectConfigurationPlatforms) = postSolution
		{3B45C8B2-DA31-4340-932F-1B7B6406619C}.Debug|x64.ActiveCfg = Debug|x64
		{3B45C8B2-DA31-4340-932F-1B7B6406619C}.Debug|x64.Build.0 = Debug|x64
		{3B45C8B2-DA31-4340-932F-1B7B6406619C}.Debug|x86.ActiveCfg = Debug|Win32
		{3B45C8B2-DA31-4340-932F-1B7B6406619C}.Debug|x86.Build.0 = Debug|Win32
		{3B45C8B2-DA31-4340-932F-1B7B6406619C}.Release|x64.ActiveCfg = Release|x64
		{3B45C8B2-DA31-4340-932F-1B7B6406619C}.Release|x64.Build.0 = Release|x64
		{3B45C8B2-DA31-4340-932F-1B7B6406619C}.Release|x86.ActiveCfg = Release|Win32
		{3B45C8B2-DA31-4340-932F-1B7B6406619C}.Release|x86.Build.0 = Release|Win32
	EndGlobalSection
	GlobalSection(SolutionProperties) = preSolution
		HideSolutionNode = FALSE
	EndGlobalSection
	GlobalSection(ExtensibilityGlobals) = postSolution
		SolutionGuid = {C069CA28-57F0-4B1A-87FC-03CACEFB9CD7}
	EndGlobalSection
EndGlobal
